{
  "version": 1,
  "manifestHash": "03ff3b09a9e8490aa9edfaf0e6b70f09343e56c77bfe61565b33b88d7cc6fc91",
  "phases": [
    {
      "name": "done",
      "resolvedPath": ".claude/phases/done.ts",
      "contentHash": "b82aff3e2913a80361e5741c59109a7c86068472b634002959efea74d614b420",
      "schemaHash": "ea27eb17a20718b126e912000b39aef187d26285c763c16c07ac38598175e2b4"
    },
    {
      "name": "impl",
      "resolvedPath": ".claude/phases/impl.ts",
      "contentHash": "d6b9b88992727e6aa647eaa9b06e4a4cdef26a5e86bf3242b3ec8823915746e9",
      "schemaHash": "d9d0cefbad2828c5b63ad369140a5bd3c866f2a15afd1411f2add9fc03a3993d"
    },
    {
      "name": "needs-attention",
      "resolvedPath": ".claude/phases/needs-attention.ts",
      "contentHash": "02df7b3baf954fa814b5de76b7dac40de21e720e7e5a9ff98e35911eabe8dd17",
      "schemaHash": "d554b9b995e0e3f9f1cb45bb6c05b6275ea297a6a5ca2c8e8771db21f0318ef7"
    },
    {
      "name": "repair",
      "resolvedPath": ".claude/phases/repair.ts",
      "contentHash": "1e5c81eceb0827867da04141c5730c3d2106e8ceb8a92b26428b7c31f378c72e",
      "schemaHash": "a3fb5f84e5f679d087174b6d63c011612f1895199984d7ed499cb6abd7c8efdb"
    },
    {
      "name": "review",
      "resolvedPath": ".claude/phases/review.ts",
      "contentHash": "27f00c849eebe96953da0a850baa820e16bcc8d0f080b3a2f9ff86f078c470ed",
      "schemaHash": "54db330c2759a4727c5bec17a94211af61e8363f02cff3f41d5ffadb802815f9"
    }
  ]
}
