{
  "version": 1,
  "manifestHash": "03ff3b09a9e8490aa9edfaf0e6b70f09343e56c77bfe61565b33b88d7cc6fc91",
  "phases": [
    {
      "name": "done",
      "resolvedPath": ".claude/phases/done.ts",
      "contentHash": "1b029d91e2d8b4655cc0e8ade4d56086afe642ecbd07709e9371d9b5d68048d1",
      "schemaHash": "ea27eb17a20718b126e912000b39aef187d26285c763c16c07ac38598175e2b4"
    },
    {
      "name": "impl",
      "resolvedPath": ".claude/phases/impl.ts",
      "contentHash": "025efaf938cf5437e945a08d4a70019ccac078868fa03b36185cf9d932699585",
      "schemaHash": "d9d0cefbad2828c5b63ad369140a5bd3c866f2a15afd1411f2add9fc03a3993d"
    },
    {
      "name": "needs-attention",
      "resolvedPath": ".claude/phases/needs-attention.ts",
      "contentHash": "c33846f042cd80e81c35b909da9006719ac9f3b92a3c8a26e0176e6ca5fd3982",
      "schemaHash": "d554b9b995e0e3f9f1cb45bb6c05b6275ea297a6a5ca2c8e8771db21f0318ef7"
    },
    {
      "name": "repair",
      "resolvedPath": ".claude/phases/repair.ts",
      "contentHash": "7c78da730a3aa3160789292bae2031d24f7dce66b9a30bbac8ea0b5aa580c0b7",
      "schemaHash": "a3fb5f84e5f679d087174b6d63c011612f1895199984d7ed499cb6abd7c8efdb"
    },
    {
      "name": "review",
      "resolvedPath": ".claude/phases/review.ts",
      "contentHash": "4a336ad140a1dafb71b0f6bce79e204a47a922f03e95e626129ff3bf2d0897e2",
      "schemaHash": "54db330c2759a4727c5bec17a94211af61e8363f02cff3f41d5ffadb802815f9"
    }
  ]
}
