// !$*UTF8*$!
{
	archiveVersion = 1;
	classes = {
	};
	objectVersion = 70;
	objects = {

/* Begin PBXBuildFile section */
		A1000001000000000000001 /* SlideyApp.swift in Sources */ = {isa = PBXBuildFile; fileRef = A1000002000000000000001 /* SlideyApp.swift */; };
		A1000003000000000000001 /* SlideshowView.swift in Sources */ = {isa = PBXBuildFile; fileRef = A1000004000000000000001 /* SlideshowView.swift */; };
		A1000005000000000000001 /* ImageLoader.swift in Sources */ = {isa = PBXBuildFile; fileRef = A1000006000000000000001 /* ImageLoader.swift */; };
		A1000007000000000000001 /* RecentDirectories.swift in Sources */ = {isa = PBXBuildFile; fileRef = A1000008000000000000001 /* RecentDirectories.swift */; };
		A1000009000000000000001 /* Assets.xcassets in Resources */ = {isa = PBXBuildFile; fileRef = A1000010000000000000002 /* Assets.xcassets */; };
		B1000001000000000000001 /* ImageLoaderTests.swift in Sources */ = {isa = PBXBuildFile; fileRef = B1000002000000000000001 /* ImageLoaderTests.swift */; };
		B1000003000000000000001 /* RecentDirectoriesTests.swift in Sources */ = {isa = PBXBuildFile; fileRef = B1000004000000000000001 /* RecentDirectoriesTests.swift */; };
		B1000005000000000000001 /* SlideyAppTests.swift in Sources */ = {isa = PBXBuildFile; fileRef = B1000006000000000000001 /* SlideyAppTests.swift */; };
		B1000007000000000000001 /* SlideshowViewTests.swift in Sources */ = {isa = PBXBuildFile; fileRef = B1000008000000000000001 /* SlideshowViewTests.swift */; };
		C1000002000000000000001 /* MusicManager.swift in Sources */ = {isa = PBXBuildFile; fileRef = C1000001000000000000001 /* MusicManager.swift */; };
		D1000002000000000000001 /* Notifications.swift in Sources */ = {isa = PBXBuildFile; fileRef = D1000001000000000000001 /* Notifications.swift */; };
		D8EF05A32F1189BE00ECB91A /* Resources in Resources */ = {isa = PBXBuildFile; fileRef = D8EF05A22F1189BE00ECB91A /* Resources */; };
		E1000002000000000000001 /* KeyboardShortcutsView.swift in Sources */ = {isa = PBXBuildFile; fileRef = E1000001000000000000001 /* KeyboardShortcutsView.swift */; };
		F1000002000000000000001 /* ZoomPanController.swift in Sources */ = {isa = PBXBuildFile; fileRef = F1000001000000000000001 /* ZoomPanController.swift */; };
		F1000004000000000000001 /* SlideshowController.swift in Sources */ = {isa = PBXBuildFile; fileRef = F1000003000000000000001 /* SlideshowController.swift */; };
		G1000002000000000000001 /* SlideshowView+AIEdits.swift in Sources */ = {isa = PBXBuildFile; fileRef = G1000001000000000000001 /* SlideshowView+AIEdits.swift */; };
		H1000002000000000000001 /* CropController.swift in Sources */ = {isa = PBXBuildFile; fileRef = H1000001000000000000001 /* CropController.swift */; };
		H1000004000000000000001 /* SlideshowView+Crop.swift in Sources */ = {isa = PBXBuildFile; fileRef = H1000003000000000000001 /* SlideshowView+Crop.swift */; };
		I1000002000000000000001 /* EditStack.swift in Sources */ = {isa = PBXBuildFile; fileRef = I1000001000000000000001 /* EditStack.swift */; };
		I1000004000000000000001 /* EditStackTests.swift in Sources */ = {isa = PBXBuildFile; fileRef = I1000003000000000000001 /* EditStackTests.swift */; };
		J1000002000000000000001 /* SlideshowView+Persistence.swift in Sources */ = {isa = PBXBuildFile; fileRef = J1000001000000000000001 /* SlideshowView+Persistence.swift */; };
		K1000004000000000000001 /* RatingTests.swift in Sources */ = {isa = PBXBuildFile; fileRef = K1000003000000000000001 /* RatingTests.swift */; };
		K1000002000000000000001 /* SlideshowView+Rating.swift in Sources */ = {isa = PBXBuildFile; fileRef = K1000001000000000000001 /* SlideshowView+Rating.swift */; };
		8E44BF55190E4D15961F66CF /* CurveGraphView.swift in Sources */ = {isa = PBXBuildFile; fileRef = AD79BACFAC7B4A62AA9685F9 /* CurveGraphView.swift */; };
		763E6F53A95946CE82BE008B /* SlideshowView+Curves.swift in Sources */ = {isa = PBXBuildFile; fileRef = 79EB805A07F24B97B6498EE2 /* SlideshowView+Curves.swift */; };
		BA100002000000000000001 /* SlideshowView+BatchApply.swift in Sources */ = {isa = PBXBuildFile; fileRef = BA100001000000000000001 /* SlideshowView+BatchApply.swift */; };
		CP100002000000000000001 /* SlideshowView+CopyPasteAdjustments.swift in Sources */ = {isa = PBXBuildFile; fileRef = CP100001000000000000001 /* SlideshowView+CopyPasteAdjustments.swift */; };
		GR100002000000000000001 /* SlideshowView+GrainReduction.swift in Sources */ = {isa = PBXBuildFile; fileRef = GR100001000000000000001 /* SlideshowView+GrainReduction.swift */; };
		CA100002000000000000001 /* CopiedAdjustments.swift in Sources */ = {isa = PBXBuildFile; fileRef = CA100001000000000000001 /* CopiedAdjustments.swift */; };
		ST100002000000000000001 /* SlideshowView+Straighten.swift in Sources */ = {isa = PBXBuildFile; fileRef = ST100001000000000000001 /* SlideshowView+Straighten.swift */; };
		VG100002000000000000001 /* SlideshowView+Vignette.swift in Sources */ = {isa = PBXBuildFile; fileRef = VG100001000000000000001 /* SlideshowView+Vignette.swift */; };
		HV100002000000000000001 /* HistogramView.swift in Sources */ = {isa = PBXBuildFile; fileRef = HV100001000000000000001 /* HistogramView.swift */; };
		EX100002000000000000001 /* SlideshowView+Export.swift in Sources */ = {isa = PBXBuildFile; fileRef = EX100001000000000000001 /* SlideshowView+Export.swift */; };
		PC100002000000000000001 /* SlideshowView+PerspectiveCorrection.swift in Sources */ = {isa = PBXBuildFile; fileRef = PC100001000000000000001 /* SlideshowView+PerspectiveCorrection.swift */; };
		LA100002000000000000001 /* LocalAdjustmentLayer.swift in Sources */ = {isa = PBXBuildFile; fileRef = LA100001000000000000001 /* LocalAdjustmentLayer.swift */; };
		LH100002000000000000001 /* SlideshowView+LocalAdjustments.swift in Sources */ = {isa = PBXBuildFile; fileRef = LH100001000000000000001 /* SlideshowView+LocalAdjustments.swift */; };
		AJ100002000000000000001 /* SlideshowView+Adjustments.swift in Sources */ = {isa = PBXBuildFile; fileRef = AJ100001000000000000001 /* SlideshowView+Adjustments.swift */; };
		OR100002000000000000001 /* SlideshowView+ObjectRemoval.swift in Sources */ = {isa = PBXBuildFile; fileRef = OR100001000000000000001 /* SlideshowView+ObjectRemoval.swift */; };
		NH100002000000000000001 /* SlideshowView+NotificationHandlers.swift in Sources */ = {isa = PBXBuildFile; fileRef = NH100001000000000000001 /* SlideshowView+NotificationHandlers.swift */; };
		TG100002000000000000001 /* ToolsGuideView.swift in Sources */ = {isa = PBXBuildFile; fileRef = TG100001000000000000001 /* ToolsGuideView.swift */; };
/* End PBXBuildFile section */

/* Begin PBXContainerItemProxy section */
		B1000012000000000000001 /* PBXContainerItemProxy */ = {
			isa = PBXContainerItemProxy;
			containerPortal = A1000040000000000000001 /* Project object */;
			proxyType = 1;
			remoteGlobalIDString = A1000030000000000000001;
			remoteInfo = Slidey;
		};
/* End PBXContainerItemProxy section */

/* Begin PBXFileReference section */
		A1000000000000000000001 /* Slidey.app */ = {isa = PBXFileReference; explicitFileType = wrapper.application; includeInIndex = 0; path = Slidey.app; sourceTree = BUILT_PRODUCTS_DIR; };
		A1000002000000000000001 /* SlideyApp.swift */ = {isa = PBXFileReference; lastKnownFileType = sourcecode.swift; path = SlideyApp.swift; sourceTree = "<group>"; };
		A1000004000000000000001 /* SlideshowView.swift */ = {isa = PBXFileReference; lastKnownFileType = sourcecode.swift; path = SlideshowView.swift; sourceTree = "<group>"; };
		A1000006000000000000001 /* ImageLoader.swift */ = {isa = PBXFileReference; lastKnownFileType = sourcecode.swift; path = ImageLoader.swift; sourceTree = "<group>"; };
		A1000008000000000000001 /* RecentDirectories.swift */ = {isa = PBXFileReference; lastKnownFileType = sourcecode.swift; path = RecentDirectories.swift; sourceTree = "<group>"; };
		A1000010000000000000002 /* Assets.xcassets */ = {isa = PBXFileReference; lastKnownFileType = folder.assetcatalog; path = Assets.xcassets; sourceTree = "<group>"; };
		B1000002000000000000001 /* ImageLoaderTests.swift */ = {isa = PBXFileReference; lastKnownFileType = sourcecode.swift; path = ImageLoaderTests.swift; sourceTree = "<group>"; };
		B1000004000000000000001 /* RecentDirectoriesTests.swift */ = {isa = PBXFileReference; lastKnownFileType = sourcecode.swift; path = RecentDirectoriesTests.swift; sourceTree = "<group>"; };
		B1000006000000000000001 /* SlideyAppTests.swift */ = {isa = PBXFileReference; lastKnownFileType = sourcecode.swift; path = SlideyAppTests.swift; sourceTree = "<group>"; };
		B1000008000000000000001 /* SlideshowViewTests.swift */ = {isa = PBXFileReference; lastKnownFileType = sourcecode.swift; path = SlideshowViewTests.swift; sourceTree = "<group>"; };
		B1000010000000000000001 /* SlideyTests.xctest */ = {isa = PBXFileReference; explicitFileType = wrapper.cfbundle; includeInIndex = 0; path = SlideyTests.xctest; sourceTree = BUILT_PRODUCTS_DIR; };
		C1000001000000000000001 /* MusicManager.swift */ = {isa = PBXFileReference; lastKnownFileType = sourcecode.swift; path = MusicManager.swift; sourceTree = "<group>"; };
		D1000001000000000000001 /* Notifications.swift */ = {isa = PBXFileReference; lastKnownFileType = sourcecode.swift; path = Notifications.swift; sourceTree = "<group>"; };
		D8EF05A22F1189BE00ECB91A /* Resources */ = {isa = PBXFileReference; lastKnownFileType = folder; name = Resources; path = slidey/Resources; sourceTree = "<group>"; };
		E1000001000000000000001 /* KeyboardShortcutsView.swift */ = {isa = PBXFileReference; lastKnownFileType = sourcecode.swift; path = KeyboardShortcutsView.swift; sourceTree = "<group>"; };
		TG100001000000000000001 /* ToolsGuideView.swift */ = {isa = PBXFileReference; lastKnownFileType = sourcecode.swift; path = ToolsGuideView.swift; sourceTree = "<group>"; };
		F1000001000000000000001 /* ZoomPanController.swift */ = {isa = PBXFileReference; lastKnownFileType = sourcecode.swift; path = ZoomPanController.swift; sourceTree = "<group>"; };
		F1000003000000000000001 /* SlideshowController.swift */ = {isa = PBXFileReference; lastKnownFileType = sourcecode.swift; path = SlideshowController.swift; sourceTree = "<group>"; };
		G1000001000000000000001 /* SlideshowView+AIEdits.swift */ = {isa = PBXFileReference; lastKnownFileType = sourcecode.swift; path = "SlideshowView+AIEdits.swift"; sourceTree = "<group>"; };
		H1000001000000000000001 /* CropController.swift */ = {isa = PBXFileReference; lastKnownFileType = sourcecode.swift; path = CropController.swift; sourceTree = "<group>"; };
		H1000003000000000000001 /* SlideshowView+Crop.swift */ = {isa = PBXFileReference; lastKnownFileType = sourcecode.swift; path = "SlideshowView+Crop.swift"; sourceTree = "<group>"; };
		I1000001000000000000001 /* EditStack.swift */ = {isa = PBXFileReference; lastKnownFileType = sourcecode.swift; path = EditStack.swift; sourceTree = "<group>"; };
		I1000003000000000000001 /* EditStackTests.swift */ = {isa = PBXFileReference; lastKnownFileType = sourcecode.swift; path = EditStackTests.swift; sourceTree = "<group>"; };
		J1000001000000000000001 /* SlideshowView+Persistence.swift */ = {isa = PBXFileReference; lastKnownFileType = sourcecode.swift; path = "SlideshowView+Persistence.swift"; sourceTree = "<group>"; };
		K1000001000000000000001 /* SlideshowView+Rating.swift */ = {isa = PBXFileReference; lastKnownFileType = sourcecode.swift; path = "SlideshowView+Rating.swift"; sourceTree = "<group>"; };
		BA100001000000000000001 /* SlideshowView+BatchApply.swift */ = {isa = PBXFileReference; lastKnownFileType = sourcecode.swift; path = "SlideshowView+BatchApply.swift"; sourceTree = "<group>"; };
		CP100001000000000000001 /* SlideshowView+CopyPasteAdjustments.swift */ = {isa = PBXFileReference; lastKnownFileType = sourcecode.swift; path = "SlideshowView+CopyPasteAdjustments.swift"; sourceTree = "<group>"; };
		GR100001000000000000001 /* SlideshowView+GrainReduction.swift */ = {isa = PBXFileReference; lastKnownFileType = sourcecode.swift; path = "SlideshowView+GrainReduction.swift"; sourceTree = "<group>"; };
		CA100001000000000000001 /* CopiedAdjustments.swift */ = {isa = PBXFileReference; lastKnownFileType = sourcecode.swift; path = CopiedAdjustments.swift; sourceTree = "<group>"; };
		K1000003000000000000001 /* RatingTests.swift */ = {isa = PBXFileReference; lastKnownFileType = sourcecode.swift; path = RatingTests.swift; sourceTree = "<group>"; };
		AD79BACFAC7B4A62AA9685F9 /* CurveGraphView.swift */ = {isa = PBXFileReference; lastKnownFileType = sourcecode.swift; path = CurveGraphView.swift; sourceTree = "<group>"; };
		79EB805A07F24B97B6498EE2 /* SlideshowView+Curves.swift */ = {isa = PBXFileReference; lastKnownFileType = sourcecode.swift; path = "SlideshowView+Curves.swift"; sourceTree = "<group>"; };
		ST100001000000000000001 /* SlideshowView+Straighten.swift */ = {isa = PBXFileReference; lastKnownFileType = sourcecode.swift; path = "SlideshowView+Straighten.swift"; sourceTree = "<group>"; };
		VG100001000000000000001 /* SlideshowView+Vignette.swift */ = {isa = PBXFileReference; lastKnownFileType = sourcecode.swift; path = "SlideshowView+Vignette.swift"; sourceTree = "<group>"; };
		HV100001000000000000001 /* HistogramView.swift */ = {isa = PBXFileReference; lastKnownFileType = sourcecode.swift; path = HistogramView.swift; sourceTree = "<group>"; };
		EX100001000000000000001 /* SlideshowView+Export.swift */ = {isa = PBXFileReference; lastKnownFileType = sourcecode.swift; path = "SlideshowView+Export.swift"; sourceTree = "<group>"; };
		PC100001000000000000001 /* SlideshowView+PerspectiveCorrection.swift */ = {isa = PBXFileReference; lastKnownFileType = sourcecode.swift; path = "SlideshowView+PerspectiveCorrection.swift"; sourceTree = "<group>"; };
		LA100001000000000000001 /* LocalAdjustmentLayer.swift */ = {isa = PBXFileReference; lastKnownFileType = sourcecode.swift; path = LocalAdjustmentLayer.swift; sourceTree = "<group>"; };
		LH100001000000000000001 /* SlideshowView+LocalAdjustments.swift */ = {isa = PBXFileReference; lastKnownFileType = sourcecode.swift; path = "SlideshowView+LocalAdjustments.swift"; sourceTree = "<group>"; };
		AJ100001000000000000001 /* SlideshowView+Adjustments.swift */ = {isa = PBXFileReference; lastKnownFileType = sourcecode.swift; path = "SlideshowView+Adjustments.swift"; sourceTree = "<group>"; };
		OR100001000000000000001 /* SlideshowView+ObjectRemoval.swift */ = {isa = PBXFileReference; lastKnownFileType = sourcecode.swift; path = "SlideshowView+ObjectRemoval.swift"; sourceTree = "<group>"; };
		NH100001000000000000001 /* SlideshowView+NotificationHandlers.swift */ = {isa = PBXFileReference; lastKnownFileType = sourcecode.swift; path = "SlideshowView+NotificationHandlers.swift"; sourceTree = "<group>"; };
/* End PBXFileReference section */

/* Begin PBXFileSystemSynchronizedRootGroup section */
		D8EF05962F1187C400ECB91A /* Resources */ = {isa = PBXFileSystemSynchronizedRootGroup; explicitFileTypes = {}; explicitFolders = (); path = Resources; sourceTree = "<group>"; };
/* End PBXFileSystemSynchronizedRootGroup section */

/* Begin PBXFrameworksBuildPhase section */
		A1000010000000000000001 /* Frameworks */ = {
			isa = PBXFrameworksBuildPhase;
			buildActionMask = 2147483647;
			files = (
			);
			runOnlyForDeploymentPostprocessing = 0;
		};
		B1000016000000000000001 /* Frameworks */ = {
			isa = PBXFrameworksBuildPhase;
			buildActionMask = 2147483647;
			files = (
			);
			runOnlyForDeploymentPostprocessing = 0;
		};
/* End PBXFrameworksBuildPhase section */

/* Begin PBXGroup section */
		A1000020000000000000001 = {
			isa = PBXGroup;
			children = (
				D8EF05A22F1189BE00ECB91A /* Resources */,
				A1000021000000000000001 /* slidey */,
				B1000011000000000000001 /* SlideyTests */,
				A1000022000000000000001 /* Products */,
			);
			sourceTree = "<group>";
		};
		A1000021000000000000001 /* slidey */ = {
			isa = PBXGroup;
			children = (
				D8EF05962F1187C400ECB91A /* Resources */,
				A1000002000000000000001 /* SlideyApp.swift */,
				A1000004000000000000001 /* SlideshowView.swift */,
				G1000001000000000000001 /* SlideshowView+AIEdits.swift */,
				H1000003000000000000001 /* SlideshowView+Crop.swift */,
				J1000001000000000000001 /* SlideshowView+Persistence.swift */,
				K1000001000000000000001 /* SlideshowView+Rating.swift */,
				79EB805A07F24B97B6498EE2 /* SlideshowView+Curves.swift */,
				BA100001000000000000001 /* SlideshowView+BatchApply.swift */,
				CP100001000000000000001 /* SlideshowView+CopyPasteAdjustments.swift */,
				GR100001000000000000001 /* SlideshowView+GrainReduction.swift */,
				CA100001000000000000001 /* CopiedAdjustments.swift */,
				ST100001000000000000001 /* SlideshowView+Straighten.swift */,
				VG100001000000000000001 /* SlideshowView+Vignette.swift */,
				EX100001000000000000001 /* SlideshowView+Export.swift */,
				PC100001000000000000001 /* SlideshowView+PerspectiveCorrection.swift */,
				LA100001000000000000001 /* LocalAdjustmentLayer.swift */,
				LH100001000000000000001 /* SlideshowView+LocalAdjustments.swift */,
				AJ100001000000000000001 /* SlideshowView+Adjustments.swift */,
				OR100001000000000000001 /* SlideshowView+ObjectRemoval.swift */,
				NH100001000000000000001 /* SlideshowView+NotificationHandlers.swift */,
				H1000001000000000000001 /* CropController.swift */,
				I1000001000000000000001 /* EditStack.swift */,
				A1000006000000000000001 /* ImageLoader.swift */,
				A1000008000000000000001 /* RecentDirectories.swift */,
				C1000001000000000000001 /* MusicManager.swift */,
				D1000001000000000000001 /* Notifications.swift */,
				F1000001000000000000001 /* ZoomPanController.swift */,
				F1000003000000000000001 /* SlideshowController.swift */,
				E1000001000000000000001 /* KeyboardShortcutsView.swift */,
				TG100001000000000000001 /* ToolsGuideView.swift */,
				AD79BACFAC7B4A62AA9685F9 /* CurveGraphView.swift */,
				HV100001000000000000001 /* HistogramView.swift */,
				A1000010000000000000002 /* Assets.xcassets */,
			);
			path = slidey;
			sourceTree = "<group>";
		};
		A1000022000000000000001 /* Products */ = {
			isa = PBXGroup;
			children = (
				A1000000000000000000001 /* Slidey.app */,
				B1000010000000000000001 /* SlideyTests.xctest */,
			);
			name = Products;
			sourceTree = "<group>";
		};
		B1000011000000000000001 /* SlideyTests */ = {
			isa = PBXGroup;
			children = (
				B1000002000000000000001 /* ImageLoaderTests.swift */,
				B1000004000000000000001 /* RecentDirectoriesTests.swift */,
				B1000006000000000000001 /* SlideyAppTests.swift */,
				B1000008000000000000001 /* SlideshowViewTests.swift */,
				I1000003000000000000001 /* EditStackTests.swift */,
				K1000003000000000000001 /* RatingTests.swift */,
			);
			path = SlideyTests;
			sourceTree = "<group>";
		};
/* End PBXGroup section */

/* Begin PBXNativeTarget section */
		A1000030000000000000001 /* Slidey */ = {
			isa = PBXNativeTarget;
			buildConfigurationList = A1000031000000000000001 /* Build configuration list for PBXNativeTarget "Slidey" */;
			buildPhases = (
				A1000032000000000000001 /* Sources */,
				A1000010000000000000001 /* Frameworks */,
				A1000033000000000000001 /* Resources */,
				L1000001000000000000001 /* SwiftLint */,
			);
			buildRules = (
			);
			dependencies = (
			);
			fileSystemSynchronizedGroups = (
				D8EF05962F1187C400ECB91A /* Resources */,
			);
			name = Slidey;
			productName = slidey;
			productReference = A1000000000000000000001 /* Slidey.app */;
			productType = "com.apple.product-type.application";
		};
		B1000014000000000000001 /* SlideyTests */ = {
			isa = PBXNativeTarget;
			buildConfigurationList = B1000019000000000000001 /* Build configuration list for PBXNativeTarget "SlideyTests" */;
			buildPhases = (
				B1000015000000000000001 /* Sources */,
				B1000016000000000000001 /* Frameworks */,
			);
			buildRules = (
			);
			dependencies = (
				B1000013000000000000001 /* PBXTargetDependency */,
			);
			name = SlideyTests;
			productName = SlideyTests;
			productReference = B1000010000000000000001 /* SlideyTests.xctest */;
			productType = "com.apple.product-type.bundle.unit-test";
		};
/* End PBXNativeTarget section */

/* Begin PBXProject section */
		A1000040000000000000001 /* Project object */ = {
			isa = PBXProject;
			attributes = {
				BuildIndependentTargetsInParallel = 1;
				LastSwiftUpdateCheck = 1500;
				LastUpgradeCheck = 2620;
				TargetAttributes = {
					A1000030000000000000001 = {
						CreatedOnToolsVersion = 15.0;
					};
					B1000014000000000000001 = {
						CreatedOnToolsVersion = 16.0;
						TestTargetID = A1000030000000000000001;
					};
				};
			};
			buildConfigurationList = A1000041000000000000001 /* Build configuration list for PBXProject "Slidey" */;
			compatibilityVersion = "Xcode 14.0";
			developmentRegion = en;
			hasScannedForEncodings = 0;
			knownRegions = (
				en,
				Base,
			);
			mainGroup = A1000020000000000000001;
			productRefGroup = A1000022000000000000001 /* Products */;
			projectDirPath = "";
			projectRoot = "";
			targets = (
				A1000030000000000000001 /* Slidey */,
				B1000014000000000000001 /* SlideyTests */,
			);
		};
/* End PBXProject section */

/* Begin PBXResourcesBuildPhase section */
		A1000033000000000000001 /* Resources */ = {
			isa = PBXResourcesBuildPhase;
			buildActionMask = 2147483647;
			files = (
				D8EF05A32F1189BE00ECB91A /* Resources in Resources */,
				A1000009000000000000001 /* Assets.xcassets in Resources */,
			);
			runOnlyForDeploymentPostprocessing = 0;
		};
/* End PBXResourcesBuildPhase section */

/* Begin PBXShellScriptBuildPhase section */
		L1000001000000000000001 /* SwiftLint */ = {
			isa = PBXShellScriptBuildPhase;
			alwaysOutOfDate = 1;
			buildActionMask = 2147483647;
			files = (
			);
			inputFileListPaths = (
			);
			inputPaths = (
			);
			name = SwiftLint;
			outputFileListPaths = (
			);
			outputPaths = (
			);
			runOnlyForDeploymentPostprocessing = 0;
			shellPath = /bin/sh;
			shellScript = "if command -v swiftlint >/dev/null 2>&1; then\n  swiftlint\nelse\n  echo \"warning: SwiftLint not installed — brew install swiftlint\"\nfi\n";
		};
/* End PBXShellScriptBuildPhase section */

/* Begin PBXSourcesBuildPhase section */
		A1000032000000000000001 /* Sources */ = {
			isa = PBXSourcesBuildPhase;
			buildActionMask = 2147483647;
			files = (
				A1000001000000000000001 /* SlideyApp.swift in Sources */,
				A1000003000000000000001 /* SlideshowView.swift in Sources */,
				G1000002000000000000001 /* SlideshowView+AIEdits.swift in Sources */,
				H1000004000000000000001 /* SlideshowView+Crop.swift in Sources */,
				J1000002000000000000001 /* SlideshowView+Persistence.swift in Sources */,
				K1000002000000000000001 /* SlideshowView+Rating.swift in Sources */,
				763E6F53A95946CE82BE008B /* SlideshowView+Curves.swift in Sources */,
				BA100002000000000000001 /* SlideshowView+BatchApply.swift in Sources */,
				CP100002000000000000001 /* SlideshowView+CopyPasteAdjustments.swift in Sources */,
				GR100002000000000000001 /* SlideshowView+GrainReduction.swift in Sources */,
				CA100002000000000000001 /* CopiedAdjustments.swift in Sources */,
				ST100002000000000000001 /* SlideshowView+Straighten.swift in Sources */,
				VG100002000000000000001 /* SlideshowView+Vignette.swift in Sources */,
				EX100002000000000000001 /* SlideshowView+Export.swift in Sources */,
				PC100002000000000000001 /* SlideshowView+PerspectiveCorrection.swift in Sources */,
				LA100002000000000000001 /* LocalAdjustmentLayer.swift in Sources */,
				LH100002000000000000001 /* SlideshowView+LocalAdjustments.swift in Sources */,
				AJ100002000000000000001 /* SlideshowView+Adjustments.swift in Sources */,
				OR100002000000000000001 /* SlideshowView+ObjectRemoval.swift in Sources */,
				NH100002000000000000001 /* SlideshowView+NotificationHandlers.swift in Sources */,
				H1000002000000000000001 /* CropController.swift in Sources */,
				I1000002000000000000001 /* EditStack.swift in Sources */,
				A1000005000000000000001 /* ImageLoader.swift in Sources */,
				A1000007000000000000001 /* RecentDirectories.swift in Sources */,
				C1000002000000000000001 /* MusicManager.swift in Sources */,
				D1000002000000000000001 /* Notifications.swift in Sources */,
				F1000002000000000000001 /* ZoomPanController.swift in Sources */,
				F1000004000000000000001 /* SlideshowController.swift in Sources */,
				E1000002000000000000001 /* KeyboardShortcutsView.swift in Sources */,
				TG100002000000000000001 /* ToolsGuideView.swift in Sources */,
				8E44BF55190E4D15961F66CF /* CurveGraphView.swift in Sources */,
				HV100002000000000000001 /* HistogramView.swift in Sources */,
			);
			runOnlyForDeploymentPostprocessing = 0;
		};
		B1000015000000000000001 /* Sources */ = {
			isa = PBXSourcesBuildPhase;
			buildActionMask = 2147483647;
			files = (
				B1000001000000000000001 /* ImageLoaderTests.swift in Sources */,
				B1000003000000000000001 /* RecentDirectoriesTests.swift in Sources */,
				B1000005000000000000001 /* SlideyAppTests.swift in Sources */,
				B1000007000000000000001 /* SlideshowViewTests.swift in Sources */,
				I1000004000000000000001 /* EditStackTests.swift in Sources */,
				K1000004000000000000001 /* RatingTests.swift in Sources */,
			);
			runOnlyForDeploymentPostprocessing = 0;
		};
/* End PBXSourcesBuildPhase section */

/* Begin PBXTargetDependency section */
		B1000013000000000000001 /* PBXTargetDependency */ = {
			isa = PBXTargetDependency;
			target = A1000030000000000000001 /* Slidey */;
			targetProxy = B1000012000000000000001 /* PBXContainerItemProxy */;
		};
/* End PBXTargetDependency section */

/* Begin XCBuildConfiguration section */
		A1000050000000000000001 /* Debug */ = {
			isa = XCBuildConfiguration;
			buildSettings = {
				ALWAYS_SEARCH_USER_PATHS = NO;
				ASSETCATALOG_COMPILER_GENERATE_SWIFT_ASSET_SYMBOL_EXTENSIONS = YES;
				CLANG_ANALYZER_NONNULL = YES;
				CLANG_ANALYZER_NUMBER_OBJECT_CONVERSION = YES_AGGRESSIVE;
				CLANG_CXX_LANGUAGE_STANDARD = "gnu++20";
				CLANG_ENABLE_MODULES = YES;
				CLANG_ENABLE_OBJC_ARC = YES;
				CLANG_ENABLE_OBJC_WEAK = YES;
				CLANG_WARN_BLOCK_CAPTURE_AUTORELEASING = YES;
				CLANG_WARN_BOOL_CONVERSION = YES;
				CLANG_WARN_COMMA = YES;
				CLANG_WARN_CONSTANT_CONVERSION = YES;
				CLANG_WARN_DEPRECATED_OBJC_IMPLEMENTATIONS = YES;
				CLANG_WARN_DIRECT_OBJC_ISA_USAGE = YES_ERROR;
				CLANG_WARN_DOCUMENTATION_COMMENTS = YES;
				CLANG_WARN_EMPTY_BODY = YES;
				CLANG_WARN_ENUM_CONVERSION = YES;
				CLANG_WARN_INFINITE_RECURSION = YES;
				CLANG_WARN_INT_CONVERSION = YES;
				CLANG_WARN_NON_LITERAL_NULL_CONVERSION = YES;
				CLANG_WARN_OBJC_IMPLICIT_RETAIN_SELF = YES;
				CLANG_WARN_OBJC_LITERAL_CONVERSION = YES;
				CLANG_WARN_OBJC_ROOT_CLASS = YES_ERROR;
				CLANG_WARN_QUOTED_INCLUDE_IN_FRAMEWORK_HEADER = YES;
				CLANG_WARN_RANGE_LOOP_ANALYSIS = YES;
				CLANG_WARN_STRICT_PROTOTYPES = YES;
				CLANG_WARN_SUSPICIOUS_MOVE = YES;
				CLANG_WARN_UNGUARDED_AVAILABILITY = YES_AGGRESSIVE;
				CLANG_WARN_UNREACHABLE_CODE = YES;
				CLANG_WARN__DUPLICATE_METHOD_MATCH = YES;
				COPY_PHASE_STRIP = NO;
				DEAD_CODE_STRIPPING = YES;
				DEBUG_INFORMATION_FORMAT = dwarf;
				ENABLE_STRICT_OBJC_MSGSEND = YES;
				ENABLE_TESTABILITY = YES;
				ENABLE_USER_SCRIPT_SANDBOXING = NO;
				GCC_C_LANGUAGE_STANDARD = gnu17;
				GCC_DYNAMIC_NO_PIC = NO;
				GCC_NO_COMMON_BLOCKS = YES;
				GCC_OPTIMIZATION_LEVEL = 0;
				GCC_PREPROCESSOR_DEFINITIONS = (
					"DEBUG=1",
					"$(inherited)",
				);
				GCC_WARN_64_TO_32_BIT_CONVERSION = YES;
				GCC_WARN_ABOUT_RETURN_TYPE = YES_ERROR;
				GCC_WARN_UNDECLARED_SELECTOR = YES;
				GCC_WARN_UNINITIALIZED_AUTOS = YES_AGGRESSIVE;
				GCC_WARN_UNUSED_FUNCTION = YES;
				GCC_WARN_UNUSED_VARIABLE = YES;
				LOCALIZATION_PREFERS_STRING_CATALOGS = YES;
				MACOSX_DEPLOYMENT_TARGET = 15.0;
				MTL_ENABLE_DEBUG_INFO = INCLUDE_SOURCE;
				MTL_FAST_MATH = YES;
				ONLY_ACTIVE_ARCH = YES;
				SDKROOT = macosx;
				STRING_CATALOG_GENERATE_SYMBOLS = YES;
				SWIFT_ACTIVE_COMPILATION_CONDITIONS = "DEBUG $(inherited)";
				SWIFT_OPTIMIZATION_LEVEL = "-Onone";
			};
			name = Debug;
		};
		A1000051000000000000001 /* Release */ = {
			isa = XCBuildConfiguration;
			buildSettings = {
				ALWAYS_SEARCH_USER_PATHS = NO;
				ASSETCATALOG_COMPILER_GENERATE_SWIFT_ASSET_SYMBOL_EXTENSIONS = YES;
				CLANG_ANALYZER_NONNULL = YES;
				CLANG_ANALYZER_NUMBER_OBJECT_CONVERSION = YES_AGGRESSIVE;
				CLANG_CXX_LANGUAGE_STANDARD = "gnu++20";
				CLANG_ENABLE_MODULES = YES;
				CLANG_ENABLE_OBJC_ARC = YES;
				CLANG_ENABLE_OBJC_WEAK = YES;
				CLANG_WARN_BLOCK_CAPTURE_AUTORELEASING = YES;
				CLANG_WARN_BOOL_CONVERSION = YES;
				CLANG_WARN_COMMA = YES;
				CLANG_WARN_CONSTANT_CONVERSION = YES;
				CLANG_WARN_DEPRECATED_OBJC_IMPLEMENTATIONS = YES;
				CLANG_WARN_DIRECT_OBJC_ISA_USAGE = YES_ERROR;
				CLANG_WARN_DOCUMENTATION_COMMENTS = YES;
				CLANG_WARN_EMPTY_BODY = YES;
				CLANG_WARN_ENUM_CONVERSION = YES;
				CLANG_WARN_INFINITE_RECURSION = YES;
				CLANG_WARN_INT_CONVERSION = YES;
				CLANG_WARN_NON_LITERAL_NULL_CONVERSION = YES;
				CLANG_WARN_OBJC_IMPLICIT_RETAIN_SELF = YES;
				CLANG_WARN_OBJC_LITERAL_CONVERSION = YES;
				CLANG_WARN_OBJC_ROOT_CLASS = YES_ERROR;
				CLANG_WARN_QUOTED_INCLUDE_IN_FRAMEWORK_HEADER = YES;
				CLANG_WARN_RANGE_LOOP_ANALYSIS = YES;
				CLANG_WARN_STRICT_PROTOTYPES = YES;
				CLANG_WARN_SUSPICIOUS_MOVE = YES;
				CLANG_WARN_UNGUARDED_AVAILABILITY = YES_AGGRESSIVE;
				CLANG_WARN_UNREACHABLE_CODE = YES;
				CLANG_WARN__DUPLICATE_METHOD_MATCH = YES;
				COPY_PHASE_STRIP = NO;
				DEAD_CODE_STRIPPING = YES;
				DEBUG_INFORMATION_FORMAT = "dwarf-with-dsym";
				ENABLE_NS_ASSERTIONS = NO;
				ENABLE_STRICT_OBJC_MSGSEND = YES;
				ENABLE_USER_SCRIPT_SANDBOXING = NO;
				GCC_C_LANGUAGE_STANDARD = gnu17;
				GCC_NO_COMMON_BLOCKS = YES;
				GCC_WARN_64_TO_32_BIT_CONVERSION = YES;
				GCC_WARN_ABOUT_RETURN_TYPE = YES_ERROR;
				GCC_WARN_UNDECLARED_SELECTOR = YES;
				GCC_WARN_UNINITIALIZED_AUTOS = YES_AGGRESSIVE;
				GCC_WARN_UNUSED_FUNCTION = YES;
				GCC_WARN_UNUSED_VARIABLE = YES;
				LOCALIZATION_PREFERS_STRING_CATALOGS = YES;
				MACOSX_DEPLOYMENT_TARGET = 15.0;
				MTL_ENABLE_DEBUG_INFO = NO;
				MTL_FAST_MATH = YES;
				ONLY_ACTIVE_ARCH = YES;
				SDKROOT = macosx;
				STRING_CATALOG_GENERATE_SYMBOLS = YES;
				SWIFT_COMPILATION_MODE = wholemodule;
			};
			name = Release;
		};
		A1000052000000000000001 /* Debug */ = {
			isa = XCBuildConfiguration;
			buildSettings = {
				ASSETCATALOG_COMPILER_APPICON_NAME = AppIcon;
				CODE_SIGN_ENTITLEMENTS = slidey/Slidey.entitlements;
				CODE_SIGN_STYLE = Automatic;
				COMBINE_HIDPI_IMAGES = YES;
				CURRENT_PROJECT_VERSION = 1;
				DEAD_CODE_STRIPPING = YES;
				DEVELOPMENT_TEAM = "";
				ENABLE_HARDENED_RUNTIME = YES;
				GENERATE_INFOPLIST_FILE = YES;
				INFOPLIST_FILE = slidey/Info.plist;
				INFOPLIST_KEY_CFBundleDisplayName = Slidey;
				INFOPLIST_KEY_LSApplicationCategoryType = "public.app-category.utilities";
				INFOPLIST_KEY_NSHumanReadableCopyright = "";
				INFOPLIST_KEY_NSMainStoryboardFile = "";
				LD_RUNPATH_SEARCH_PATHS = (
					"$(inherited)",
					"@executable_path/../Frameworks",
				);
				MACOSX_DEPLOYMENT_TARGET = 15.0;
				MARKETING_VERSION = 1.26;
				PRODUCT_BUNDLE_IDENTIFIER = com.josephlloyd.slidey;
				PRODUCT_NAME = "$(TARGET_NAME)";
				SWIFT_EMIT_LOC_STRINGS = YES;
				SWIFT_VERSION = 5.0;
			};
			name = Debug;
		};
		A1000053000000000000001 /* Release */ = {
			isa = XCBuildConfiguration;
			buildSettings = {
				ASSETCATALOG_COMPILER_APPICON_NAME = AppIcon;
				CODE_SIGN_ENTITLEMENTS = slidey/Slidey.entitlements;
				CODE_SIGN_STYLE = Automatic;
				COMBINE_HIDPI_IMAGES = YES;
				CURRENT_PROJECT_VERSION = 1;
				DEAD_CODE_STRIPPING = YES;
				DEVELOPMENT_TEAM = "";
				ENABLE_HARDENED_RUNTIME = YES;
				GENERATE_INFOPLIST_FILE = YES;
				INFOPLIST_FILE = slidey/Info.plist;
				INFOPLIST_KEY_CFBundleDisplayName = Slidey;
				INFOPLIST_KEY_LSApplicationCategoryType = "public.app-category.utilities";
				INFOPLIST_KEY_NSHumanReadableCopyright = "";
				INFOPLIST_KEY_NSMainStoryboardFile = "";
				LD_RUNPATH_SEARCH_PATHS = (
					"$(inherited)",
					"@executable_path/../Frameworks",
				);
				MACOSX_DEPLOYMENT_TARGET = 15.0;
				MARKETING_VERSION = 1.26;
				PRODUCT_BUNDLE_IDENTIFIER = com.josephlloyd.slidey;
				PRODUCT_NAME = "$(TARGET_NAME)";
				SWIFT_EMIT_LOC_STRINGS = YES;
				SWIFT_VERSION = 5.0;
			};
			name = Release;
		};
		B1000017000000000000001 /* Debug */ = {
			isa = XCBuildConfiguration;
			buildSettings = {
				BUNDLE_LOADER = "$(TEST_HOST)";
				CODE_SIGN_STYLE = Automatic;
				CURRENT_PROJECT_VERSION = 1;
				DEAD_CODE_STRIPPING = YES;
				GENERATE_INFOPLIST_FILE = YES;
				MACOSX_DEPLOYMENT_TARGET = 15.0;
				MARKETING_VERSION = 1.26;
				PRODUCT_BUNDLE_IDENTIFIER = com.josephlloyd.slidey.tests;
				PRODUCT_NAME = "$(TARGET_NAME)";
				SWIFT_EMIT_LOC_STRINGS = NO;
				SWIFT_VERSION = 5.0;
				TEST_HOST = "$(BUILT_PRODUCTS_DIR)/Slidey.app/$(BUNDLE_EXECUTABLE_FOLDER_PATH)/Slidey";
			};
			name = Debug;
		};
		B1000018000000000000001 /* Release */ = {
			isa = XCBuildConfiguration;
			buildSettings = {
				BUNDLE_LOADER = "$(TEST_HOST)";
				CODE_SIGN_STYLE = Automatic;
				CURRENT_PROJECT_VERSION = 1;
				DEAD_CODE_STRIPPING = YES;
				GENERATE_INFOPLIST_FILE = YES;
				MACOSX_DEPLOYMENT_TARGET = 15.0;
				MARKETING_VERSION = 1.26;
				PRODUCT_BUNDLE_IDENTIFIER = com.josephlloyd.slidey.tests;
				PRODUCT_NAME = "$(TARGET_NAME)";
				SWIFT_EMIT_LOC_STRINGS = NO;
				SWIFT_VERSION = 5.0;
				TEST_HOST = "$(BUILT_PRODUCTS_DIR)/Slidey.app/$(BUNDLE_EXECUTABLE_FOLDER_PATH)/Slidey";
			};
			name = Release;
		};
/* End XCBuildConfiguration section */

/* Begin XCConfigurationList section */
		A1000031000000000000001 /* Build configuration list for PBXNativeTarget "Slidey" */ = {
			isa = XCConfigurationList;
			buildConfigurations = (
				A1000052000000000000001 /* Debug */,
				A1000053000000000000001 /* Release */,
			);
			defaultConfigurationIsVisible = 0;
			defaultConfigurationName = Release;
		};
		A1000041000000000000001 /* Build configuration list for PBXProject "Slidey" */ = {
			isa = XCConfigurationList;
			buildConfigurations = (
				A1000050000000000000001 /* Debug */,
				A1000051000000000000001 /* Release */,
			);
			defaultConfigurationIsVisible = 0;
			defaultConfigurationName = Release;
		};
		B1000019000000000000001 /* Build configuration list for PBXNativeTarget "SlideyTests" */ = {
			isa = XCConfigurationList;
			buildConfigurations = (
				B1000017000000000000001 /* Debug */,
				B1000018000000000000001 /* Release */,
			);
			defaultConfigurationIsVisible = 0;
			defaultConfigurationName = Release;
		};
/* End XCConfigurationList section */
	};
	rootObject = A1000040000000000000001 /* Project object */;
}
